using System;
using System.Collections.Generic;
using System.Linq;
using System.Text;
using System.Threading.Tasks;

namespace AdvancedMethodConcepts
{   class print
    {
        public int[] myArray = { 1, 2, 3, 4, 5 };

        public void PrintFirstElement(int[] a)
        {
            Console.WriteLine("The second element is {0}.\n", a[1]);
        }

    class Program
    {
        static void Main(string[] args)
        {

            print printobj = new print();
            printobj.PrintFirstElement(printobj.myArray);
            Console.Read();
        }
    }
}


